
Microsoft Visual Studio Solution File, Format Version 12.00
# Visual Studio 15
VisualStudioVersion = 15.0.27703.2042
MinimumVisualStudioVersion = 10.0.40219.1
Project("{FAE04EC0-301F-11D3-BF4B-00C04F79EFBC}") = "Shlok.BoilerPlateApp", "WindowsFormsApp1\Shlok.BoilerPlateApp.csproj", "{5B0BA5AD-8108-4201-9453-EFB38A7E0DFB}"
	ProjectSection(ProjectDependencies) = postProject
		{C637A17F-40D4-41D8-8FB2-32165D68C310} = {C637A17F-40D4-41D8-8FB2-32165D68C310}
	EndProjectSection
EndProject
Project("{FAE04EC0-301F-11D3-BF4B-00C04F79EFBC}") = "Shlok.DBProviders", "DBPrpvider\Shlok.DBProviders.csproj", "{C637A17F-40D4-41D8-8FB2-32165D68C310}"
EndProject
Global
	GlobalSection(SolutionConfigurationPlatforms) = preSolution
		Debug|Any CPU = Debug|Any CPU
		Release|Any CPU = Release|Any CPU
	EndGlobalSection
	GlobalSection(ProjectConfigurationPlatforms) = postSolution
		{5B0BA5AD-8108-4201-9453-EFB38A7E0DFB}.Debug|Any CPU.ActiveCfg = Debug|Any CPU
		{5B0BA5AD-8108-4201-9453-EFB38A7E0DFB}.Debug|Any CPU.Build.0 = Debug|Any CPU
		{5B0BA5AD-8108-4201-9453-EFB38A7E0DFB}.Release|Any CPU.ActiveCfg = Release|Any CPU
		{5B0BA5AD-8108-4201-9453-EFB38A7E0DFB}.Release|Any CPU.Build.0 = Release|Any CPU
		{C637A17F-40D4-41D8-8FB2-32165D68C310}.Debug|Any CPU.ActiveCfg = Debug|Any CPU
		{C637A17F-40D4-41D8-8FB2-32165D68C310}.Debug|Any CPU.Build.0 = Debug|Any CPU
		{C637A17F-40D4-41D8-8FB2-32165D68C310}.Release|Any CPU.ActiveCfg = Release|Any CPU
		{C637A17F-40D4-41D8-8FB2-32165D68C310}.Release|Any CPU.Build.0 = Release|Any CPU
	EndGlobalSection
	GlobalSection(SolutionProperties) = preSolution
		HideSolutionNode = FALSE
	EndGlobalSection
	GlobalSection(ExtensibilityGlobals) = postSolution
		SolutionGuid = {93A188F5-18E6-4EAB-A27D-109C35FFE9E1}
	EndGlobalSection
EndGlobal
